{
  "name": "testapi",
  "version": "1.0.0",
  "lockfileVersion": 1,
  "requires": true,
  "dependencies": {
    "bluebird": {
      "version": "3.5.3",
      "resolved": "https://registry.npmjs.org/bluebird/-/bluebird-3.5.3.tgz",
      "integrity": "sha512-/qKPUQlaW1OyR51WeCPBvRnAlnZFUJkCSG5HzGnuIqhgyJtF+T94lFnn33eiazjRm2LAHVy2guNnaq48X9SJuw=="
    },
    "bson": {
      "version": "1.1.0",
      "resolved": "https://registry.npmjs.org/bson/-/bson-1.1.0.tgz",
      "integrity": "sha512-9Aeai9TacfNtWXOYarkFJRW2CWo+dRon+fuLZYJmvLV3+MiUp0bEI6IAZfXEIg7/Pl/7IWlLaDnhzTsD81etQA=="
    },
    "core-js": {
      "version": "2.3.0",
      "resolved": "http://registry.npmjs.org/core-js/-/core-js-2.3.0.tgz",
      "integrity": "sha1-+rg/uwstjchfpjbEudNMdUIMbWU="
    },
    "core-util-is": {
      "version": "1.0.2",
      "resolved": "https://registry.npmjs.org/core-util-is/-/core-util-is-1.0.2.tgz",
      "integrity": "sha1-tf1UIgqivFq1eqtxQMlAdUUDwac="
    },
    "crypto": {
      "version": "1.0.1",
      "resolved": "https://registry.npmjs.org/crypto/-/crypto-1.0.1.tgz",
      "integrity": "sha512-VxBKmeNcqQdiUQUW2Tzq0t377b54N2bMtXO/qiLa+6eRRmmC4qT3D4OnTGoT/U6O9aklQ/jTwbOtRMTTY8G0Ig=="
    },
    "docxtemplater": {
      "version": "3.9.4",
      "resolved": "https://registry.npmjs.org/docxtemplater/-/docxtemplater-3.9.4.tgz",
      "integrity": "sha512-kGfmsDVZ3P+LvpsFp62sZEr9FwZ3c38IUoOfFtsatYvqhDse9xO5yEXh2/LSZQ5ifZ/1qfh5Bvm3kV0iDaqV1w==",
      "requires": {
        "xmldom": "^0.1.27"
      }
    },
    "docxtemplater-image-module": {
      "version": "3.1.0",
      "resolved": "https://registry.npmjs.org/docxtemplater-image-module/-/docxtemplater-image-module-3.1.0.tgz",
      "integrity": "sha1-7pSRmc5Ae4nVgxdvEDkwon2rgU0=",
      "requires": {
        "xmldom": "^0.1.27"
      }
    },
    "double-ended-queue": {
      "version": "2.1.0-0",
      "resolved": "https://registry.npmjs.org/double-ended-queue/-/double-ended-queue-2.1.0-0.tgz",
      "integrity": "sha1-ED01J/0xUo9AGIEwyEHv3XgmTlw="
    },
    "es6-promise": {
      "version": "3.0.2",
      "resolved": "http://registry.npmjs.org/es6-promise/-/es6-promise-3.0.2.tgz",
      "integrity": "sha1-AQ1YWEI6XxGJeWZfRkhqlcbuK7Y="
    },
    "image-size": {
      "version": "0.6.3",
      "resolved": "https://registry.npmjs.org/image-size/-/image-size-0.6.3.tgz",
      "integrity": "sha512-47xSUiQioGaB96nqtp5/q55m0aBQSQdyIloMOc/x+QVTDZLNmXE892IIDrJ0hM1A5vcNUDD5tDffkSP5lCaIIA=="
    },
    "immediate": {
      "version": "3.0.6",
      "resolved": "https://registry.npmjs.org/immediate/-/immediate-3.0.6.tgz",
      "integrity": "sha1-nbHb0Pr43m++D13V5Wu2BigN5ps="
    },
    "inherits": {
      "version": "2.0.3",
      "resolved": "https://registry.npmjs.org/inherits/-/inherits-2.0.3.tgz",
      "integrity": "sha1-Yzwsg+PaQqUC9SRmAiSA9CCCYd4="
    },
    "isarray": {
      "version": "1.0.0",
      "resolved": "https://registry.npmjs.org/isarray/-/isarray-1.0.0.tgz",
      "integrity": "sha1-u5NdSFgsuhaMBoNJV6VKPgcSTxE="
    },
    "jszip": {
      "version": "3.1.5",
      "resolved": "https://registry.npmjs.org/jszip/-/jszip-3.1.5.tgz",
      "integrity": "sha512-5W8NUaFRFRqTOL7ZDDrx5qWHJyBXy6velVudIzQUSoqAAYqzSh2Z7/m0Rf1QbmQJccegD0r+YZxBjzqoBiEeJQ==",
      "requires": {
        "core-js": "~2.3.0",
        "es6-promise": "~3.0.2",
        "lie": "~3.1.0",
        "pako": "~1.0.2",
        "readable-stream": "~2.0.6"
      }
    },
    "lie": {
      "version": "3.1.1",
      "resolved": "https://registry.npmjs.org/lie/-/lie-3.1.1.tgz",
      "integrity": "sha1-mkNrLMd0bKWd56QfpGmz77dr2H4=",
      "requires": {
        "immediate": "~3.0.5"
      }
    },
    "memory-pager": {
      "version": "1.1.0",
      "resolved": "https://registry.npmjs.org/memory-pager/-/memory-pager-1.1.0.tgz",
      "integrity": "sha512-Mf9OHV/Y7h6YWDxTzX/b4ZZ4oh9NSXblQL8dtPCOomOtZciEHxePR78+uHFLLlsk01A6jVHhHsQZZ/WcIPpnzg==",
      "optional": true
    },
    "moment": {
      "version": "2.22.2",
      "resolved": "https://registry.npmjs.org/moment/-/moment-2.22.2.tgz",
      "integrity": "sha1-PCV/mDn8DpP/UxSWMiOeuQeD/2Y="
    },
    "mongodb": {
      "version": "3.1.10",
      "resolved": "https://registry.npmjs.org/mongodb/-/mongodb-3.1.10.tgz",
      "integrity": "sha512-Uml42GeFxhTGQVml1XQ4cD0o/rp7J2ROy0fdYUcVitoE7vFqEhKH4TYVqRDpQr/bXtCJVxJdNQC1ntRxNREkPQ==",
      "requires": {
        "mongodb-core": "3.1.9",
        "safe-buffer": "^5.1.2"
      }
    },
    "mongodb-core": {
      "version": "3.1.9",
      "resolved": "https://registry.npmjs.org/mongodb-core/-/mongodb-core-3.1.9.tgz",
      "integrity": "sha512-MJpciDABXMchrZphh3vMcqu8hkNf/Mi+Gk6btOimVg1XMxLXh87j6FAvRm+KmwD1A9fpu3qRQYcbQe4egj23og==",
      "requires": {
        "bson": "^1.1.0",
        "require_optional": "^1.0.1",
        "safe-buffer": "^5.1.2",
        "saslprep": "^1.0.0"
      }
    },
    "pako": {
      "version": "1.0.6",
      "resolved": "https://registry.npmjs.org/pako/-/pako-1.0.6.tgz",
      "integrity": "sha512-lQe48YPsMJAig+yngZ87Lus+NF+3mtu7DVOBu6b/gHO1YpKwIj5AWjZ/TOS7i46HD/UixzWb1zeWDZfGZ3iYcg=="
    },
    "process-nextick-args": {
      "version": "1.0.7",
      "resolved": "https://registry.npmjs.org/process-nextick-args/-/process-nextick-args-1.0.7.tgz",
      "integrity": "sha1-FQ4gt1ZZCtP5EJPyWk8q2L/zC6M="
    },
    "readable-stream": {
      "version": "2.0.6",
      "resolved": "http://registry.npmjs.org/readable-stream/-/readable-stream-2.0.6.tgz",
      "integrity": "sha1-j5A0HmilPMySh4jaz80Rs265t44=",
      "requires": {
        "core-util-is": "~1.0.0",
        "inherits": "~2.0.1",
        "isarray": "~1.0.0",
        "process-nextick-args": "~1.0.6",
        "string_decoder": "~0.10.x",
        "util-deprecate": "~1.0.1"
      }
    },
    "redis": {
      "version": "2.8.0",
      "resolved": "https://registry.npmjs.org/redis/-/redis-2.8.0.tgz",
      "integrity": "sha512-M1OkonEQwtRmZv4tEWF2VgpG0JWJ8Fv1PhlgT5+B+uNq2cA3Rt1Yt/ryoR+vQNOQcIEgdCdfH0jr3bDpihAw1A==",
      "requires": {
        "double-ended-queue": "^2.1.0-0",
        "redis-commands": "^1.2.0",
        "redis-parser": "^2.6.0"
      }
    },
    "redis-commands": {
      "version": "1.4.0",
      "resolved": "https://registry.npmjs.org/redis-commands/-/redis-commands-1.4.0.tgz",
      "integrity": "sha512-cu8EF+MtkwI4DLIT0x9P8qNTLFhQD4jLfxLR0cCNkeGzs87FN6879JOJwNQR/1zD7aSYNbU0hgsV9zGY71Itvw=="
    },
    "redis-parser": {
      "version": "2.6.0",
      "resolved": "https://registry.npmjs.org/redis-parser/-/redis-parser-2.6.0.tgz",
      "integrity": "sha1-Uu0J2srBCPGmMcB+m2mUHnoZUEs="
    },
    "redlock-node": {
      "version": "2.1.4",
      "resolved": "https://registry.npmjs.org/redlock-node/-/redlock-node-2.1.4.tgz",
      "integrity": "sha1-tUtxzPBIB0s/hJ1fwqpubs6phQY=",
      "requires": {
        "bluebird": "^3.3.5"
      }
    },
    "require_optional": {
      "version": "1.0.1",
      "resolved": "https://registry.npmjs.org/require_optional/-/require_optional-1.0.1.tgz",
      "integrity": "sha512-qhM/y57enGWHAe3v/NcwML6a3/vfESLe/sGM2dII+gEO0BpKRUkWZow/tyloNqJyN6kXSl3RyyM8Ll5D/sJP8g==",
      "requires": {
        "resolve-from": "^2.0.0",
        "semver": "^5.1.0"
      }
    },
    "resolve-from": {
      "version": "2.0.0",
      "resolved": "https://registry.npmjs.org/resolve-from/-/resolve-from-2.0.0.tgz",
      "integrity": "sha1-lICrIOlP+h2egKgEx+oUdhGWa1c="
    },
    "safe-buffer": {
      "version": "5.1.2",
      "resolved": "https://registry.npmjs.org/safe-buffer/-/safe-buffer-5.1.2.tgz",
      "integrity": "sha512-Gd2UZBJDkXlY7GbJxfsE8/nvKkUEU1G38c1siN6QP6a9PT9MmHB8GnpscSmMJSoF8LOIrt8ud/wPtojys4G6+g=="
    },
    "saslprep": {
      "version": "1.0.2",
      "resolved": "https://registry.npmjs.org/saslprep/-/saslprep-1.0.2.tgz",
      "integrity": "sha512-4cDsYuAjXssUSjxHKRe4DTZC0agDwsCqcMqtJAQPzC74nJ7LfAJflAtC1Zed5hMzEQKj82d3tuzqdGNRsLJ4Gw==",
      "optional": true,
      "requires": {
        "sparse-bitfield": "^3.0.3"
      }
    },
    "semver": {
      "version": "5.6.0",
      "resolved": "https://registry.npmjs.org/semver/-/semver-5.6.0.tgz",
      "integrity": "sha512-RS9R6R35NYgQn++fkDWaOmqGoj4Ek9gGs+DPxNUZKuwE183xjJroKvyo1IzVFeXvUrvmALy6FWD5xrdJT25gMg=="
    },
    "sparse-bitfield": {
      "version": "3.0.3",
      "resolved": "https://registry.npmjs.org/sparse-bitfield/-/sparse-bitfield-3.0.3.tgz",
      "integrity": "sha1-/0rm5oZWBWuks+eSqzM004JzyhE=",
      "optional": true,
      "requires": {
        "memory-pager": "^1.0.2"
      }
    },
    "string_decoder": {
      "version": "0.10.31",
      "resolved": "https://registry.npmjs.org/string_decoder/-/string_decoder-0.10.31.tgz",
      "integrity": "sha1-YuIDvEF2bGwoyfyEMB2rHFMQ+pQ="
    },
    "util-deprecate": {
      "version": "1.0.2",
      "resolved": "https://registry.npmjs.org/util-deprecate/-/util-deprecate-1.0.2.tgz",
      "integrity": "sha1-RQ1Nyfpw3nMnYvvS1KKJgUGaDM8="
    },
    "wood-apidocs": {
      "version": "1.0.5",
      "resolved": "https://registry.npmjs.org/wood-apidocs/-/wood-apidocs-1.0.5.tgz",
      "integrity": "sha512-279tenhM9bkZQ5jDU5G73L7fR9gWNAHPGev+KCGAmL1c++9zlD8bfKNUFYUbLN5AF+Ncy7+DOGN/ZIpLYepbeA==",
      "requires": {
        "docxtemplater": "^3.9.4",
        "docxtemplater-image-module": "^3.1.0",
        "image-size": "^0.6.3",
        "jszip": "^3.1.5",
        "moment": "^2.22.2",
        "wood-router": "^1.0.10"
      }
    },
    "wood-controller": {
      "version": "1.0.4",
      "resolved": "https://registry.npmjs.org/wood-controller/-/wood-controller-1.0.4.tgz",
      "integrity": "sha512-7Mpuqe9pkQ/zajrLZVM51tP+yTngspxLRg2xcaPb84OnZG//mMD2t6x5/S2Dflr3D/F3+akeBLHrzi6D9ROhxQ==",
      "requires": {
        "wood-query": "^1.0.6",
        "wood-util": "^1.0.4"
      }
    },
    "wood-crossdomain": {
      "version": "1.0.0",
      "resolved": "https://registry.npmjs.org/wood-crossdomain/-/wood-crossdomain-1.0.0.tgz",
      "integrity": "sha512-10gw1MtG4pzdgwKl11tFPqEV/wukr3XAUT8J2DMX3XHNtnSkMNOVSG/rKtqSBvV44dB4Bv1Tt5o1KgX+WO5ovQ=="
    },
    "wood-fields": {
      "version": "1.0.1",
      "resolved": "https://registry.npmjs.org/wood-fields/-/wood-fields-1.0.1.tgz",
      "integrity": "sha512-ahU2ES3UWkU1dcu9VJNw16wREnA6meryPyM8gWzUEYNjDlp29e/db1cN/RpI4Ip55nPiMop7n99EEuRPCsf51w==",
      "requires": {
        "wood-util": "^1.0.3"
      }
    },
    "wood-httpserver": {
      "version": "1.0.4",
      "resolved": "https://registry.npmjs.org/wood-httpserver/-/wood-httpserver-1.0.4.tgz",
      "integrity": "sha512-Y2oT8/4OzOClQv8b1+FaK8k+l8zyP3m/IpdtwuTG7F78cA+UrVChwA6g4UIJ7WKkPRHNoFpZ4NEv8j/5ewL2fQ=="
    },
    "wood-model": {
      "version": "1.0.8",
      "resolved": "https://registry.npmjs.org/wood-model/-/wood-model-1.0.8.tgz",
      "integrity": "sha512-+G/YsoO5ixB+Pu+/sk2gnvE7oNb+qVDEjkMgVMTssF/xRkg5epqKrBW4Ta/PRODwZGzmtTJGITjgRMIcabu1zg==",
      "requires": {
        "wood-mongo": "^1.0.7",
        "wood-query": "^1.0.6",
        "wood-redis": "^1.0.3",
        "wood-util": "^1.0.4"
      }
    },
    "wood-module-loader": {
      "version": "1.0.2",
      "resolved": "https://registry.npmjs.org/wood-module-loader/-/wood-module-loader-1.0.2.tgz",
      "integrity": "sha512-y9l3lnTn5pOGXqxNiaMI2tH/uspyFkZq5HIfbu7Ymi4Yojh7PkIrAi5iqnYgKcR5uOEcT9QUmg1AD6jck08YrQ=="
    },
    "wood-mongo": {
      "version": "1.0.8",
      "resolved": "https://registry.npmjs.org/wood-mongo/-/wood-mongo-1.0.8.tgz",
      "integrity": "sha512-LQM0g1Q/vh7b1QFR+tV19517j8oE+O5nb1KqglOnvSDcXG7eqgq8O9lFLEQuncANElU4GZBla08AzbZpC82rPg==",
      "requires": {
        "mongodb": "^3.1.10",
        "wood-query": "^1.0.7",
        "wood-util": "^1.0.5"
      }
    },
    "wood-query": {
      "version": "1.0.7",
      "resolved": "https://registry.npmjs.org/wood-query/-/wood-query-1.0.7.tgz",
      "integrity": "sha512-PXpk2rsIJ9IdPpGAgluIE7Q8No/80duLmIad7p1MpW1OlYBlbE4q0Kyoe0tWXx6lB2BA3mmfHQuY8r24tgSQlA==",
      "requires": {
        "wood-util": "^1.0.5"
      }
    },
    "wood-redis": {
      "version": "1.0.4",
      "resolved": "https://registry.npmjs.org/wood-redis/-/wood-redis-1.0.4.tgz",
      "integrity": "sha512-OYLg1Fhs/HeGLaUTdPC5Le/+yrDtcVNrSan2FyWi2thy1RPdO+y/HH1gb5YIOi0+/sUXj1jAjhIAunFWWP7KWQ==",
      "requires": {
        "redis": "^2.8.0",
        "redlock-node": "^2.1.4",
        "wood-util": "^1.0.5"
      }
    },
    "wood-requestbody": {
      "version": "1.0.0",
      "resolved": "https://registry.npmjs.org/wood-requestbody/-/wood-requestbody-1.0.0.tgz",
      "integrity": "sha512-gsTdYebzSh5YZoZuIiZazGEZUUNrFP1zA9sq0WK4d+QfkwifJ0eDnc1PA63KnE19yOwgyMqAFi7GuKqvqAgAww=="
    },
    "wood-responseformat": {
      "version": "1.0.1",
      "resolved": "https://registry.npmjs.org/wood-responseformat/-/wood-responseformat-1.0.1.tgz",
      "integrity": "sha512-rhlMST0OF3y5zyBBcf8N91+t8zIbKJc1+vsamQDGecXXH24TnhNzzhLtEvLAme4l7urOwOlonclgQitqvzq/Gg==",
      "requires": {
        "zlib": "^1.0.5"
      }
    },
    "wood-router": {
      "version": "1.0.12",
      "resolved": "https://registry.npmjs.org/wood-router/-/wood-router-1.0.12.tgz",
      "integrity": "sha512-x+qLtQRkhHoL7sU9P+q73goldyKl4UYIa89BMGnPDzmT9rcw9zmiKNfaxhZKztWRqqwzG/C5V7+fvST20jA1Rw=="
    },
    "wood-tcp": {
      "version": "1.0.0",
      "resolved": "https://registry.npmjs.org/wood-tcp/-/wood-tcp-1.0.0.tgz",
      "integrity": "sha512-AV3UflyD1S0jkW2QJytGzLIO9OLFKuniGjzdmwhJlCX/8fUxl9qWNk8UMciLqXGwxN7Mp5RpDuZUYRt4NoZHQA=="
    },
    "wood-token": {
      "version": "1.0.0",
      "resolved": "https://registry.npmjs.org/wood-token/-/wood-token-1.0.0.tgz",
      "integrity": "sha512-O6tQ+Ja4uTeMQpbg/h86bXxeVwlqAZY9PRPsE6EyiJXkELcaK4kcaP+Mm0B/Wg5cgpDFAilH2GoTPNxSn4m2Vw==",
      "requires": {
        "crypto": "^1.0.1"
      }
    },
    "wood-util": {
      "version": "1.0.5",
      "resolved": "https://registry.npmjs.org/wood-util/-/wood-util-1.0.5.tgz",
      "integrity": "sha512-qgLgh8XG5THONo5+NngfDXYlma+Svgfbf1cysKOuiJc/AhDYYOnT5hCrTUq4wCvRXxUX7IHRr1ZXmDNfs9GC4A==",
      "requires": {
        "crypto": "^1.0.1",
        "moment": "^2.22.2"
      }
    },
    "xmldom": {
      "version": "0.1.27",
      "resolved": "https://registry.npmjs.org/xmldom/-/xmldom-0.1.27.tgz",
      "integrity": "sha1-1QH5ezvbQDr4757MIFcxh6rawOk="
    },
    "zlib": {
      "version": "1.0.5",
      "resolved": "https://registry.npmjs.org/zlib/-/zlib-1.0.5.tgz",
      "integrity": "sha1-bnyXL8NxxkWmr7A6sUdp3vEU/MA="
    }
  }
}
